
Microsoft Visual Studio Solution File, Format Version 12.00
# Visual Studio Version 16
VisualStudioVersion = 16.0.31613.86
MinimumVisualStudioVersion = 10.0.40219.1
Project("{FAE04EC0-301F-11D3-BF4B-00C04F79EFBC}") = "ParkingSample", "ParkingSample.csproj", "{5F353399-1124-4B68-80C0-48A91CFD78D6}"
EndProject
Global
	GlobalSection(SolutionConfigurationPlatforms) = preSolution
		Debug|Any CPU = Debug|Any CPU
		Release|Any CPU = Release|Any CPU
	EndGlobalSection
	GlobalSection(ProjectConfigurationPlatforms) = postSolution
		{5F353399-1124-4B68-80C0-48A91CFD78D6}.Debug|Any CPU.ActiveCfg = Debug|Any CPU
		{5F353399-1124-4B68-80C0-48A91CFD78D6}.Debug|Any CPU.Build.0 = Debug|Any CPU
		{5F353399-1124-4B68-80C0-48A91CFD78D6}.Release|Any CPU.ActiveCfg = Release|Any CPU
		{5F353399-1124-4B68-80C0-48A91CFD78D6}.Release|Any CPU.Build.0 = Release|Any CPU
	EndGlobalSection
	GlobalSection(SolutionProperties) = preSolution
		HideSolutionNode = FALSE
	EndGlobalSection
	GlobalSection(ExtensibilityGlobals) = postSolution
		SolutionGuid = {3E8DD97E-4A60-4549-9EF8-4D7065DDB073}
	EndGlobalSection
EndGlobal
